
Microsoft Visual Studio Solution File, Format Version 12.00
# Visual Studio Version 17
VisualStudioVersion = 17.4.33213.308
MinimumVisualStudioVersion = 10.0.40219.1
Project("{9A19103F-16F7-4668-BE54-9A1E7A4F7556}") = "top-shop-models", "top-shop-models\top-shop-models.csproj", "{4E11417E-ADA4-40B4-90BD-385C16F69B65}"
EndProject
Project("{9A19103F-16F7-4668-BE54-9A1E7A4F7556}") = "top_shop_dbconnector", "top_shop_dbconnector\top_shop_dbconnector.csproj", "{A2D0C295-A1E0-4009-9299-5AB37C1C3086}"
EndProject
Project("{FAE04EC0-301F-11D3-BF4B-00C04F79EFBC}") = "top-shop-warehouse", "top-shop-warehouse\top-shop-warehouse.csproj", "{B74D7958-BEC9-45A1-8DA9-A8757473B68B}"
EndProject
Project("{2150E333-8FDC-42A3-9474-1A3956D46DE8}") = "Shared", "Shared", "{73CC86F0-3297-4BB4-BE0F-CC97C2C49A5B}"
EndProject
Global
	GlobalSection(SolutionConfigurationPlatforms) = preSolution
		Debug|Any CPU = Debug|Any CPU
		Release|Any CPU = Release|Any CPU
	EndGlobalSection
	GlobalSection(ProjectConfigurationPlatforms) = postSolution
		{4E11417E-ADA4-40B4-90BD-385C16F69B65}.Debug|Any CPU.ActiveCfg = Debug|Any CPU
		{4E11417E-ADA4-40B4-90BD-385C16F69B65}.Debug|Any CPU.Build.0 = Debug|Any CPU
		{4E11417E-ADA4-40B4-90BD-385C16F69B65}.Release|Any CPU.ActiveCfg = Release|Any CPU
		{4E11417E-ADA4-40B4-90BD-385C16F69B65}.Release|Any CPU.Build.0 = Release|Any CPU
		{A2D0C295-A1E0-4009-9299-5AB37C1C3086}.Debug|Any CPU.ActiveCfg = Debug|Any CPU
		{A2D0C295-A1E0-4009-9299-5AB37C1C3086}.Debug|Any CPU.Build.0 = Debug|Any CPU
		{A2D0C295-A1E0-4009-9299-5AB37C1C3086}.Release|Any CPU.ActiveCfg = Release|Any CPU
		{A2D0C295-A1E0-4009-9299-5AB37C1C3086}.Release|Any CPU.Build.0 = Release|Any CPU
		{B74D7958-BEC9-45A1-8DA9-A8757473B68B}.Debug|Any CPU.ActiveCfg = Debug|Any CPU
		{B74D7958-BEC9-45A1-8DA9-A8757473B68B}.Debug|Any CPU.Build.0 = Debug|Any CPU
		{B74D7958-BEC9-45A1-8DA9-A8757473B68B}.Release|Any CPU.ActiveCfg = Release|Any CPU
		{B74D7958-BEC9-45A1-8DA9-A8757473B68B}.Release|Any CPU.Build.0 = Release|Any CPU
	EndGlobalSection
	GlobalSection(SolutionProperties) = preSolution
		HideSolutionNode = FALSE
	EndGlobalSection
	GlobalSection(NestedProjects) = preSolution
		{4E11417E-ADA4-40B4-90BD-385C16F69B65} = {73CC86F0-3297-4BB4-BE0F-CC97C2C49A5B}
		{A2D0C295-A1E0-4009-9299-5AB37C1C3086} = {73CC86F0-3297-4BB4-BE0F-CC97C2C49A5B}
	EndGlobalSection
	GlobalSection(ExtensibilityGlobals) = postSolution
		SolutionGuid = {EB8B988F-85F5-4C01-B2AC-3FF0350ACA59}
	EndGlobalSection
EndGlobal
