
Microsoft Visual Studio Solution File, Format Version 12.00
# Visual Studio Version 17
VisualStudioVersion = 17.4.33213.308
MinimumVisualStudioVersion = 10.0.40219.1
Project("{9A19103F-16F7-4668-BE54-9A1E7A4F7556}") = "top-shop-models", "top-shop-models\top-shop-models.csproj", "{4E11417E-ADA4-40B4-90BD-385C16F69B65}"
EndProject
Project("{2150E333-8FDC-42A3-9474-1A3956D46DE8}") = "Shared", "Shared", "{A1FC447E-ACFE-47F0-B734-D9250B9C8255}"
EndProject
Project("{9A19103F-16F7-4668-BE54-9A1E7A4F7556}") = "top-shop-client", "top-shop-client\top-shop-client.csproj", "{6B1DC18B-A344-4A21-87E9-2E66C513E57F}"
EndProject
Project("{9A19103F-16F7-4668-BE54-9A1E7A4F7556}") = "top_shop_dbconnector", "top-shop-dbconnector\top_shop_dbconnector.csproj", "{F7B97A13-7B0E-476C-B6D7-FECE052B5726}"
EndProject
Global
	GlobalSection(SolutionConfigurationPlatforms) = preSolution
		Debug|Any CPU = Debug|Any CPU
		Release|Any CPU = Release|Any CPU
	EndGlobalSection
	GlobalSection(ProjectConfigurationPlatforms) = postSolution
		{4E11417E-ADA4-40B4-90BD-385C16F69B65}.Debug|Any CPU.ActiveCfg = Debug|Any CPU
		{4E11417E-ADA4-40B4-90BD-385C16F69B65}.Debug|Any CPU.Build.0 = Debug|Any CPU
		{4E11417E-ADA4-40B4-90BD-385C16F69B65}.Release|Any CPU.ActiveCfg = Release|Any CPU
		{4E11417E-ADA4-40B4-90BD-385C16F69B65}.Release|Any CPU.Build.0 = Release|Any CPU
		{6B1DC18B-A344-4A21-87E9-2E66C513E57F}.Debug|Any CPU.ActiveCfg = Debug|Any CPU
		{6B1DC18B-A344-4A21-87E9-2E66C513E57F}.Debug|Any CPU.Build.0 = Debug|Any CPU
		{6B1DC18B-A344-4A21-87E9-2E66C513E57F}.Release|Any CPU.ActiveCfg = Release|Any CPU
		{6B1DC18B-A344-4A21-87E9-2E66C513E57F}.Release|Any CPU.Build.0 = Release|Any CPU
		{F7B97A13-7B0E-476C-B6D7-FECE052B5726}.Debug|Any CPU.ActiveCfg = Debug|Any CPU
		{F7B97A13-7B0E-476C-B6D7-FECE052B5726}.Debug|Any CPU.Build.0 = Debug|Any CPU
		{F7B97A13-7B0E-476C-B6D7-FECE052B5726}.Release|Any CPU.ActiveCfg = Release|Any CPU
		{F7B97A13-7B0E-476C-B6D7-FECE052B5726}.Release|Any CPU.Build.0 = Release|Any CPU
	EndGlobalSection
	GlobalSection(SolutionProperties) = preSolution
		HideSolutionNode = FALSE
	EndGlobalSection
	GlobalSection(NestedProjects) = preSolution
		{4E11417E-ADA4-40B4-90BD-385C16F69B65} = {A1FC447E-ACFE-47F0-B734-D9250B9C8255}
		{F7B97A13-7B0E-476C-B6D7-FECE052B5726} = {A1FC447E-ACFE-47F0-B734-D9250B9C8255}
	EndGlobalSection
	GlobalSection(ExtensibilityGlobals) = postSolution
		SolutionGuid = {EB8B988F-85F5-4C01-B2AC-3FF0350ACA59}
	EndGlobalSection
EndGlobal
